
Microsoft Visual Studio Solution File, Format Version 12.00
# Visual Studio Version 17
VisualStudioVersion = 17.0.31903.59
MinimumVisualStudioVersion = 10.0.40219.1
Project("{FAE04EC0-301F-11D3-BF4B-00C04F79EFBC}") = "ResourceFlowMod.Lib", "ResourceFlowMod.Lib\ResourceFlowMod.Lib.csproj", "{6CE4C70C-EF56-458A-ACED-1AF2408B95F8}"
EndProject
Project("{FAE04EC0-301F-11D3-BF4B-00C04F79EFBC}") = "ResourceFlowMod.Plugin", "ResourceFlowMod.Plugin\ResourceFlowMod.Plugin.csproj", "{F8F1984C-3BFD-412F-A6A7-DA02BF6D93CC}"
EndProject
Project("{FAE04EC0-301F-11D3-BF4B-00C04F79EFBC}") = "ResourceFlowMod.TestApp", "ResourceFlowMod.TestApp\ResourceFlowMod.TestApp.csproj", "{E281CFD9-9B00-4C2B-8A2A-93477305C7E7}"
EndProject
Global
	GlobalSection(SolutionConfigurationPlatforms) = preSolution
		Debug|Any CPU = Debug|Any CPU
		Release|Any CPU = Release|Any CPU
	EndGlobalSection
	GlobalSection(SolutionProperties) = preSolution
		HideSolutionNode = FALSE
	EndGlobalSection
	GlobalSection(ProjectConfigurationPlatforms) = postSolution
		{6CE4C70C-EF56-458A-ACED-1AF2408B95F8}.Debug|Any CPU.ActiveCfg = Debug|Any CPU
		{6CE4C70C-EF56-458A-ACED-1AF2408B95F8}.Debug|Any CPU.Build.0 = Debug|Any CPU
		{6CE4C70C-EF56-458A-ACED-1AF2408B95F8}.Release|Any CPU.ActiveCfg = Release|Any CPU
		{6CE4C70C-EF56-458A-ACED-1AF2408B95F8}.Release|Any CPU.Build.0 = Release|Any CPU
		{F8F1984C-3BFD-412F-A6A7-DA02BF6D93CC}.Debug|Any CPU.ActiveCfg = Debug|Any CPU
		{F8F1984C-3BFD-412F-A6A7-DA02BF6D93CC}.Debug|Any CPU.Build.0 = Debug|Any CPU
		{F8F1984C-3BFD-412F-A6A7-DA02BF6D93CC}.Release|Any CPU.ActiveCfg = Release|Any CPU
		{F8F1984C-3BFD-412F-A6A7-DA02BF6D93CC}.Release|Any CPU.Build.0 = Release|Any CPU
		{E281CFD9-9B00-4C2B-8A2A-93477305C7E7}.Debug|Any CPU.ActiveCfg = Debug|Any CPU
		{E281CFD9-9B00-4C2B-8A2A-93477305C7E7}.Debug|Any CPU.Build.0 = Debug|Any CPU
		{E281CFD9-9B00-4C2B-8A2A-93477305C7E7}.Release|Any CPU.ActiveCfg = Release|Any CPU
		{E281CFD9-9B00-4C2B-8A2A-93477305C7E7}.Release|Any CPU.Build.0 = Release|Any CPU
	EndGlobalSection
EndGlobal
